
Microsoft Visual Studio Solution File, Format Version 12.00
# Visual Studio 14
VisualStudioVersion = 14.0.25420.1
MinimumVisualStudioVersion = 10.0.40219.1
Project("{FAE04EC0-301F-11D3-BF4B-00C04F79EFBC}") = "ViewPresenterExample.Core", "ViewPresenterExample.Core\ViewPresenterExample.Core.csproj", "{DB885E5E-DAD5-4F0D-A380-991CF8C9D8D4}"
EndProject
Project("{2150E333-8FDC-42A3-9474-1A3956D46DE8}") = "MvvmCross", "MvvmCross", "{6BADB337-ACAA-4300-9D61-045608D691F2}"
EndProject
Project("{FAE04EC0-301F-11D3-BF4B-00C04F79EFBC}") = "MvvmCross.Core", "..\MvvmCross\MvvmCross\Core\Core\MvvmCross.Core.csproj", "{B6E27475-E7D0-448C-A5CC-5097DCA1E2DD}"
EndProject
Project("{FAE04EC0-301F-11D3-BF4B-00C04F79EFBC}") = "MvvmCross.Platform", "..\MvvmCross\MvvmCross\Platform\Platform\MvvmCross.Platform.csproj", "{CFF6F25A-3C3B-44EE-A54C-2ED4AAFF3ADB}"
EndProject
Project("{FAE04EC0-301F-11D3-BF4B-00C04F79EFBC}") = "ViewPresenterExample.iOS", "ViewPresenterExample.iOS\ViewPresenterExample.iOS.csproj", "{A0AFBF36-8844-4ACF-BE19-6FD23215A934}"
EndProject
Project("{FAE04EC0-301F-11D3-BF4B-00C04F79EFBC}") = "MvvmCross.Platform.iOS", "..\MvvmCross\MvvmCross\Platform\iOS\MvvmCross.Platform.iOS.csproj", "{BBBCD850-E7CB-4B6C-86D9-CE01F2B1C81C}"
EndProject
Project("{FAE04EC0-301F-11D3-BF4B-00C04F79EFBC}") = "MvvmCross.iOS", "..\MvvmCross\MvvmCross\iOS\iOS\MvvmCross.iOS.csproj", "{E042EDD9-E89D-4928-BF4D-27F0FC29CEDA}"
EndProject
Project("{FAE04EC0-301F-11D3-BF4B-00C04F79EFBC}") = "MvvmCross.Binding.iOS", "..\MvvmCross\MvvmCross\Binding\iOS\MvvmCross.Binding.iOS.csproj", "{913B13B5-7B2C-4DDA-BECB-DADC827ED895}"
EndProject
Project("{FAE04EC0-301F-11D3-BF4B-00C04F79EFBC}") = "MvvmCross.Binding", "..\MvvmCross\MvvmCross\Core\Binding\MvvmCross.Binding.csproj", "{64DCD397-9019-41E8-A928-E5F5C5DF185B}"
EndProject
Project("{FAE04EC0-301F-11D3-BF4B-00C04F79EFBC}") = "ViewPresenterExample.Droid", "ViewPresenterExample.Droid\ViewPresenterExample.Droid.csproj", "{FDCC3CF2-9905-40AA-9E43-3AB12BB355ED}"
EndProject
Project("{FAE04EC0-301F-11D3-BF4B-00C04F79EFBC}") = "MvvmCross.Droid", "..\MvvmCross\MvvmCross\Droid\Droid\MvvmCross.Droid.csproj", "{7A6BE137-D0F1-46A1-AE5C-81FAEEDDDF02}"
EndProject
Project("{FAE04EC0-301F-11D3-BF4B-00C04F79EFBC}") = "MvvmCross.Platform.Droid", "..\MvvmCross\MvvmCross\Platform\Droid\MvvmCross.Platform.Droid.csproj", "{CAF8935F-56FE-4485-9D34-4A38FE79F6C9}"
EndProject
Project("{FAE04EC0-301F-11D3-BF4B-00C04F79EFBC}") = "MvvmCross.Binding.Droid", "..\MvvmCross\MvvmCross\Binding\Droid\MvvmCross.Binding.Droid.csproj", "{47FD89C3-19DC-4BD2-9B6D-FB8363BE7EB9}"
EndProject
Global
	GlobalSection(SolutionConfigurationPlatforms) = preSolution
		Ad-Hoc|Any CPU = Ad-Hoc|Any CPU
		Ad-Hoc|iPhone = Ad-Hoc|iPhone
		Ad-Hoc|iPhoneSimulator = Ad-Hoc|iPhoneSimulator
		AppStore|Any CPU = AppStore|Any CPU
		AppStore|iPhone = AppStore|iPhone
		AppStore|iPhoneSimulator = AppStore|iPhoneSimulator
		Debug|Any CPU = Debug|Any CPU
		Debug|iPhone = Debug|iPhone
		Debug|iPhoneSimulator = Debug|iPhoneSimulator
		Release|Any CPU = Release|Any CPU
		Release|iPhone = Release|iPhone
		Release|iPhoneSimulator = Release|iPhoneSimulator
	EndGlobalSection
	GlobalSection(ProjectConfigurationPlatforms) = postSolution
		{DB885E5E-DAD5-4F0D-A380-991CF8C9D8D4}.Ad-Hoc|Any CPU.ActiveCfg = Release|Any CPU
		{DB885E5E-DAD5-4F0D-A380-991CF8C9D8D4}.Ad-Hoc|Any CPU.Build.0 = Release|Any CPU
		{DB885E5E-DAD5-4F0D-A380-991CF8C9D8D4}.Ad-Hoc|iPhone.ActiveCfg = Release|Any CPU
		{DB885E5E-DAD5-4F0D-A380-991CF8C9D8D4}.Ad-Hoc|iPhone.Build.0 = Release|Any CPU
		{DB885E5E-DAD5-4F0D-A380-991CF8C9D8D4}.Ad-Hoc|iPhoneSimulator.ActiveCfg = Release|Any CPU
		{DB885E5E-DAD5-4F0D-A380-991CF8C9D8D4}.Ad-Hoc|iPhoneSimulator.Build.0 = Release|Any CPU
		{DB885E5E-DAD5-4F0D-A380-991CF8C9D8D4}.AppStore|Any CPU.ActiveCfg = Release|Any CPU
		{DB885E5E-DAD5-4F0D-A380-991CF8C9D8D4}.AppStore|Any CPU.Build.0 = Release|Any CPU
		{DB885E5E-DAD5-4F0D-A380-991CF8C9D8D4}.AppStore|iPhone.ActiveCfg = Release|Any CPU
		{DB885E5E-DAD5-4F0D-A380-991CF8C9D8D4}.AppStore|iPhone.Build.0 = Release|Any CPU
		{DB885E5E-DAD5-4F0D-A380-991CF8C9D8D4}.AppStore|iPhoneSimulator.ActiveCfg = Release|Any CPU
		{DB885E5E-DAD5-4F0D-A380-991CF8C9D8D4}.AppStore|iPhoneSimulator.Build.0 = Release|Any CPU
		{DB885E5E-DAD5-4F0D-A380-991CF8C9D8D4}.Debug|Any CPU.ActiveCfg = Debug|Any CPU
		{DB885E5E-DAD5-4F0D-A380-991CF8C9D8D4}.Debug|Any CPU.Build.0 = Debug|Any CPU
		{DB885E5E-DAD5-4F0D-A380-991CF8C9D8D4}.Debug|iPhone.ActiveCfg = Debug|Any CPU
		{DB885E5E-DAD5-4F0D-A380-991CF8C9D8D4}.Debug|iPhone.Build.0 = Debug|Any CPU
		{DB885E5E-DAD5-4F0D-A380-991CF8C9D8D4}.Debug|iPhoneSimulator.ActiveCfg = Debug|Any CPU
		{DB885E5E-DAD5-4F0D-A380-991CF8C9D8D4}.Debug|iPhoneSimulator.Build.0 = Debug|Any CPU
		{DB885E5E-DAD5-4F0D-A380-991CF8C9D8D4}.Release|Any CPU.ActiveCfg = Release|Any CPU
		{DB885E5E-DAD5-4F0D-A380-991CF8C9D8D4}.Release|Any CPU.Build.0 = Release|Any CPU
		{DB885E5E-DAD5-4F0D-A380-991CF8C9D8D4}.Release|iPhone.ActiveCfg = Release|Any CPU
		{DB885E5E-DAD5-4F0D-A380-991CF8C9D8D4}.Release|iPhone.Build.0 = Release|Any CPU
		{DB885E5E-DAD5-4F0D-A380-991CF8C9D8D4}.Release|iPhoneSimulator.ActiveCfg = Release|Any CPU
		{DB885E5E-DAD5-4F0D-A380-991CF8C9D8D4}.Release|iPhoneSimulator.Build.0 = Release|Any CPU
		{B6E27475-E7D0-448C-A5CC-5097DCA1E2DD}.Ad-Hoc|Any CPU.ActiveCfg = Release|Any CPU
		{B6E27475-E7D0-448C-A5CC-5097DCA1E2DD}.Ad-Hoc|Any CPU.Build.0 = Release|Any CPU
		{B6E27475-E7D0-448C-A5CC-5097DCA1E2DD}.Ad-Hoc|iPhone.ActiveCfg = Release|Any CPU
		{B6E27475-E7D0-448C-A5CC-5097DCA1E2DD}.Ad-Hoc|iPhone.Build.0 = Release|Any CPU
		{B6E27475-E7D0-448C-A5CC-5097DCA1E2DD}.Ad-Hoc|iPhoneSimulator.ActiveCfg = Release|Any CPU
		{B6E27475-E7D0-448C-A5CC-5097DCA1E2DD}.Ad-Hoc|iPhoneSimulator.Build.0 = Release|Any CPU
		{B6E27475-E7D0-448C-A5CC-5097DCA1E2DD}.AppStore|Any CPU.ActiveCfg = Release|Any CPU
		{B6E27475-E7D0-448C-A5CC-5097DCA1E2DD}.AppStore|Any CPU.Build.0 = Release|Any CPU
		{B6E27475-E7D0-448C-A5CC-5097DCA1E2DD}.AppStore|iPhone.ActiveCfg = Release|Any CPU
		{B6E27475-E7D0-448C-A5CC-5097DCA1E2DD}.AppStore|iPhone.Build.0 = Release|Any CPU
		{B6E27475-E7D0-448C-A5CC-5097DCA1E2DD}.AppStore|iPhoneSimulator.ActiveCfg = Release|Any CPU
		{B6E27475-E7D0-448C-A5CC-5097DCA1E2DD}.AppStore|iPhoneSimulator.Build.0 = Release|Any CPU
		{B6E27475-E7D0-448C-A5CC-5097DCA1E2DD}.Debug|Any CPU.ActiveCfg = Debug|Any CPU
		{B6E27475-E7D0-448C-A5CC-5097DCA1E2DD}.Debug|Any CPU.Build.0 = Debug|Any CPU
		{B6E27475-E7D0-448C-A5CC-5097DCA1E2DD}.Debug|iPhone.ActiveCfg = Debug|Any CPU
		{B6E27475-E7D0-448C-A5CC-5097DCA1E2DD}.Debug|iPhone.Build.0 = Debug|Any CPU
		{B6E27475-E7D0-448C-A5CC-5097DCA1E2DD}.Debug|iPhoneSimulator.ActiveCfg = Debug|Any CPU
		{B6E27475-E7D0-448C-A5CC-5097DCA1E2DD}.Debug|iPhoneSimulator.Build.0 = Debug|Any CPU
		{B6E27475-E7D0-448C-A5CC-5097DCA1E2DD}.Release|Any CPU.ActiveCfg = Release|Any CPU
		{B6E27475-E7D0-448C-A5CC-5097DCA1E2DD}.Release|Any CPU.Build.0 = Release|Any CPU
		{B6E27475-E7D0-448C-A5CC-5097DCA1E2DD}.Release|iPhone.ActiveCfg = Release|Any CPU
		{B6E27475-E7D0-448C-A5CC-5097DCA1E2DD}.Release|iPhone.Build.0 = Release|Any CPU
		{B6E27475-E7D0-448C-A5CC-5097DCA1E2DD}.Release|iPhoneSimulator.ActiveCfg = Release|Any CPU
		{B6E27475-E7D0-448C-A5CC-5097DCA1E2DD}.Release|iPhoneSimulator.Build.0 = Release|Any CPU
		{CFF6F25A-3C3B-44EE-A54C-2ED4AAFF3ADB}.Ad-Hoc|Any CPU.ActiveCfg = Release|Any CPU
		{CFF6F25A-3C3B-44EE-A54C-2ED4AAFF3ADB}.Ad-Hoc|Any CPU.Build.0 = Release|Any CPU
		{CFF6F25A-3C3B-44EE-A54C-2ED4AAFF3ADB}.Ad-Hoc|iPhone.ActiveCfg = Release|Any CPU
		{CFF6F25A-3C3B-44EE-A54C-2ED4AAFF3ADB}.Ad-Hoc|iPhone.Build.0 = Release|Any CPU
		{CFF6F25A-3C3B-44EE-A54C-2ED4AAFF3ADB}.Ad-Hoc|iPhoneSimulator.ActiveCfg = Release|Any CPU
		{CFF6F25A-3C3B-44EE-A54C-2ED4AAFF3ADB}.Ad-Hoc|iPhoneSimulator.Build.0 = Release|Any CPU
		{CFF6F25A-3C3B-44EE-A54C-2ED4AAFF3ADB}.AppStore|Any CPU.ActiveCfg = Release|Any CPU
		{CFF6F25A-3C3B-44EE-A54C-2ED4AAFF3ADB}.AppStore|Any CPU.Build.0 = Release|Any CPU
		{CFF6F25A-3C3B-44EE-A54C-2ED4AAFF3ADB}.AppStore|iPhone.ActiveCfg = Release|Any CPU
		{CFF6F25A-3C3B-44EE-A54C-2ED4AAFF3ADB}.AppStore|iPhone.Build.0 = Release|Any CPU
		{CFF6F25A-3C3B-44EE-A54C-2ED4AAFF3ADB}.AppStore|iPhoneSimulator.ActiveCfg = Release|Any CPU
		{CFF6F25A-3C3B-44EE-A54C-2ED4AAFF3ADB}.AppStore|iPhoneSimulator.Build.0 = Release|Any CPU
		{CFF6F25A-3C3B-44EE-A54C-2ED4AAFF3ADB}.Debug|Any CPU.ActiveCfg = Debug|Any CPU
		{CFF6F25A-3C3B-44EE-A54C-2ED4AAFF3ADB}.Debug|Any CPU.Build.0 = Debug|Any CPU
		{CFF6F25A-3C3B-44EE-A54C-2ED4AAFF3ADB}.Debug|iPhone.ActiveCfg = Debug|Any CPU
		{CFF6F25A-3C3B-44EE-A54C-2ED4AAFF3ADB}.Debug|iPhone.Build.0 = Debug|Any CPU
		{CFF6F25A-3C3B-44EE-A54C-2ED4AAFF3ADB}.Debug|iPhoneSimulator.ActiveCfg = Debug|Any CPU
		{CFF6F25A-3C3B-44EE-A54C-2ED4AAFF3ADB}.Debug|iPhoneSimulator.Build.0 = Debug|Any CPU
		{CFF6F25A-3C3B-44EE-A54C-2ED4AAFF3ADB}.Release|Any CPU.ActiveCfg = Release|Any CPU
		{CFF6F25A-3C3B-44EE-A54C-2ED4AAFF3ADB}.Release|Any CPU.Build.0 = Release|Any CPU
		{CFF6F25A-3C3B-44EE-A54C-2ED4AAFF3ADB}.Release|iPhone.ActiveCfg = Release|Any CPU
		{CFF6F25A-3C3B-44EE-A54C-2ED4AAFF3ADB}.Release|iPhone.Build.0 = Release|Any CPU
		{CFF6F25A-3C3B-44EE-A54C-2ED4AAFF3ADB}.Release|iPhoneSimulator.ActiveCfg = Release|Any CPU
		{CFF6F25A-3C3B-44EE-A54C-2ED4AAFF3ADB}.Release|iPhoneSimulator.Build.0 = Release|Any CPU
		{A0AFBF36-8844-4ACF-BE19-6FD23215A934}.Ad-Hoc|Any CPU.ActiveCfg = Ad-Hoc|iPhone
		{A0AFBF36-8844-4ACF-BE19-6FD23215A934}.Ad-Hoc|iPhone.ActiveCfg = Ad-Hoc|iPhone
		{A0AFBF36-8844-4ACF-BE19-6FD23215A934}.Ad-Hoc|iPhone.Build.0 = Ad-Hoc|iPhone
		{A0AFBF36-8844-4ACF-BE19-6FD23215A934}.Ad-Hoc|iPhoneSimulator.ActiveCfg = Ad-Hoc|iPhoneSimulator
		{A0AFBF36-8844-4ACF-BE19-6FD23215A934}.Ad-Hoc|iPhoneSimulator.Build.0 = Ad-Hoc|iPhoneSimulator
		{A0AFBF36-8844-4ACF-BE19-6FD23215A934}.AppStore|Any CPU.ActiveCfg = AppStore|iPhone
		{A0AFBF36-8844-4ACF-BE19-6FD23215A934}.AppStore|iPhone.ActiveCfg = AppStore|iPhone
		{A0AFBF36-8844-4ACF-BE19-6FD23215A934}.AppStore|iPhone.Build.0 = AppStore|iPhone
		{A0AFBF36-8844-4ACF-BE19-6FD23215A934}.AppStore|iPhoneSimulator.ActiveCfg = AppStore|iPhoneSimulator
		{A0AFBF36-8844-4ACF-BE19-6FD23215A934}.AppStore|iPhoneSimulator.Build.0 = AppStore|iPhoneSimulator
		{A0AFBF36-8844-4ACF-BE19-6FD23215A934}.Debug|Any CPU.ActiveCfg = Debug|iPhone
		{A0AFBF36-8844-4ACF-BE19-6FD23215A934}.Debug|iPhone.ActiveCfg = Debug|iPhone
		{A0AFBF36-8844-4ACF-BE19-6FD23215A934}.Debug|iPhone.Build.0 = Debug|iPhone
		{A0AFBF36-8844-4ACF-BE19-6FD23215A934}.Debug|iPhoneSimulator.ActiveCfg = Debug|iPhoneSimulator
		{A0AFBF36-8844-4ACF-BE19-6FD23215A934}.Debug|iPhoneSimulator.Build.0 = Debug|iPhoneSimulator
		{A0AFBF36-8844-4ACF-BE19-6FD23215A934}.Release|Any CPU.ActiveCfg = Release|iPhone
		{A0AFBF36-8844-4ACF-BE19-6FD23215A934}.Release|iPhone.ActiveCfg = Release|iPhone
		{A0AFBF36-8844-4ACF-BE19-6FD23215A934}.Release|iPhone.Build.0 = Release|iPhone
		{A0AFBF36-8844-4ACF-BE19-6FD23215A934}.Release|iPhoneSimulator.ActiveCfg = Release|iPhoneSimulator
		{A0AFBF36-8844-4ACF-BE19-6FD23215A934}.Release|iPhoneSimulator.Build.0 = Release|iPhoneSimulator
		{BBBCD850-E7CB-4B6C-86D9-CE01F2B1C81C}.Ad-Hoc|Any CPU.ActiveCfg = Release|Any CPU
		{BBBCD850-E7CB-4B6C-86D9-CE01F2B1C81C}.Ad-Hoc|Any CPU.Build.0 = Release|Any CPU
		{BBBCD850-E7CB-4B6C-86D9-CE01F2B1C81C}.Ad-Hoc|iPhone.ActiveCfg = Release|Any CPU
		{BBBCD850-E7CB-4B6C-86D9-CE01F2B1C81C}.Ad-Hoc|iPhone.Build.0 = Release|Any CPU
		{BBBCD850-E7CB-4B6C-86D9-CE01F2B1C81C}.Ad-Hoc|iPhoneSimulator.ActiveCfg = Release|Any CPU
		{BBBCD850-E7CB-4B6C-86D9-CE01F2B1C81C}.Ad-Hoc|iPhoneSimulator.Build.0 = Release|Any CPU
		{BBBCD850-E7CB-4B6C-86D9-CE01F2B1C81C}.AppStore|Any CPU.ActiveCfg = Release|Any CPU
		{BBBCD850-E7CB-4B6C-86D9-CE01F2B1C81C}.AppStore|Any CPU.Build.0 = Release|Any CPU
		{BBBCD850-E7CB-4B6C-86D9-CE01F2B1C81C}.AppStore|iPhone.ActiveCfg = Release|Any CPU
		{BBBCD850-E7CB-4B6C-86D9-CE01F2B1C81C}.AppStore|iPhone.Build.0 = Release|Any CPU
		{BBBCD850-E7CB-4B6C-86D9-CE01F2B1C81C}.AppStore|iPhoneSimulator.ActiveCfg = Release|Any CPU
		{BBBCD850-E7CB-4B6C-86D9-CE01F2B1C81C}.AppStore|iPhoneSimulator.Build.0 = Release|Any CPU
		{BBBCD850-E7CB-4B6C-86D9-CE01F2B1C81C}.Debug|Any CPU.ActiveCfg = Debug|Any CPU
		{BBBCD850-E7CB-4B6C-86D9-CE01F2B1C81C}.Debug|Any CPU.Build.0 = Debug|Any CPU
		{BBBCD850-E7CB-4B6C-86D9-CE01F2B1C81C}.Debug|iPhone.ActiveCfg = Debug|Any CPU
		{BBBCD850-E7CB-4B6C-86D9-CE01F2B1C81C}.Debug|iPhone.Build.0 = Debug|Any CPU
		{BBBCD850-E7CB-4B6C-86D9-CE01F2B1C81C}.Debug|iPhoneSimulator.ActiveCfg = Debug|Any CPU
		{BBBCD850-E7CB-4B6C-86D9-CE01F2B1C81C}.Debug|iPhoneSimulator.Build.0 = Debug|Any CPU
		{BBBCD850-E7CB-4B6C-86D9-CE01F2B1C81C}.Release|Any CPU.ActiveCfg = Release|Any CPU
		{BBBCD850-E7CB-4B6C-86D9-CE01F2B1C81C}.Release|Any CPU.Build.0 = Release|Any CPU
		{BBBCD850-E7CB-4B6C-86D9-CE01F2B1C81C}.Release|iPhone.ActiveCfg = Release|Any CPU
		{BBBCD850-E7CB-4B6C-86D9-CE01F2B1C81C}.Release|iPhone.Build.0 = Release|Any CPU
		{BBBCD850-E7CB-4B6C-86D9-CE01F2B1C81C}.Release|iPhoneSimulator.ActiveCfg = Release|Any CPU
		{BBBCD850-E7CB-4B6C-86D9-CE01F2B1C81C}.Release|iPhoneSimulator.Build.0 = Release|Any CPU
		{E042EDD9-E89D-4928-BF4D-27F0FC29CEDA}.Ad-Hoc|Any CPU.ActiveCfg = Release|Any CPU
		{E042EDD9-E89D-4928-BF4D-27F0FC29CEDA}.Ad-Hoc|Any CPU.Build.0 = Release|Any CPU
		{E042EDD9-E89D-4928-BF4D-27F0FC29CEDA}.Ad-Hoc|iPhone.ActiveCfg = Release|Any CPU
		{E042EDD9-E89D-4928-BF4D-27F0FC29CEDA}.Ad-Hoc|iPhone.Build.0 = Release|Any CPU
		{E042EDD9-E89D-4928-BF4D-27F0FC29CEDA}.Ad-Hoc|iPhoneSimulator.ActiveCfg = Release|Any CPU
		{E042EDD9-E89D-4928-BF4D-27F0FC29CEDA}.Ad-Hoc|iPhoneSimulator.Build.0 = Release|Any CPU
		{E042EDD9-E89D-4928-BF4D-27F0FC29CEDA}.AppStore|Any CPU.ActiveCfg = Release|Any CPU
		{E042EDD9-E89D-4928-BF4D-27F0FC29CEDA}.AppStore|Any CPU.Build.0 = Release|Any CPU
		{E042EDD9-E89D-4928-BF4D-27F0FC29CEDA}.AppStore|iPhone.ActiveCfg = Release|Any CPU
		{E042EDD9-E89D-4928-BF4D-27F0FC29CEDA}.AppStore|iPhone.Build.0 = Release|Any CPU
		{E042EDD9-E89D-4928-BF4D-27F0FC29CEDA}.AppStore|iPhoneSimulator.ActiveCfg = Release|Any CPU
		{E042EDD9-E89D-4928-BF4D-27F0FC29CEDA}.AppStore|iPhoneSimulator.Build.0 = Release|Any CPU
		{E042EDD9-E89D-4928-BF4D-27F0FC29CEDA}.Debug|Any CPU.ActiveCfg = Debug|Any CPU
		{E042EDD9-E89D-4928-BF4D-27F0FC29CEDA}.Debug|Any CPU.Build.0 = Debug|Any CPU
		{E042EDD9-E89D-4928-BF4D-27F0FC29CEDA}.Debug|iPhone.ActiveCfg = Debug|Any CPU
		{E042EDD9-E89D-4928-BF4D-27F0FC29CEDA}.Debug|iPhone.Build.0 = Debug|Any CPU
		{E042EDD9-E89D-4928-BF4D-27F0FC29CEDA}.Debug|iPhoneSimulator.ActiveCfg = Debug|Any CPU
		{E042EDD9-E89D-4928-BF4D-27F0FC29CEDA}.Debug|iPhoneSimulator.Build.0 = Debug|Any CPU
		{E042EDD9-E89D-4928-BF4D-27F0FC29CEDA}.Release|Any CPU.ActiveCfg = Release|Any CPU
		{E042EDD9-E89D-4928-BF4D-27F0FC29CEDA}.Release|Any CPU.Build.0 = Release|Any CPU
		{E042EDD9-E89D-4928-BF4D-27F0FC29CEDA}.Release|iPhone.ActiveCfg = Release|Any CPU
		{E042EDD9-E89D-4928-BF4D-27F0FC29CEDA}.Release|iPhone.Build.0 = Release|Any CPU
		{E042EDD9-E89D-4928-BF4D-27F0FC29CEDA}.Release|iPhoneSimulator.ActiveCfg = Release|Any CPU
		{E042EDD9-E89D-4928-BF4D-27F0FC29CEDA}.Release|iPhoneSimulator.Build.0 = Release|Any CPU
		{913B13B5-7B2C-4DDA-BECB-DADC827ED895}.Ad-Hoc|Any CPU.ActiveCfg = Release|Any CPU
		{913B13B5-7B2C-4DDA-BECB-DADC827ED895}.Ad-Hoc|Any CPU.Build.0 = Release|Any CPU
		{913B13B5-7B2C-4DDA-BECB-DADC827ED895}.Ad-Hoc|iPhone.ActiveCfg = Release|Any CPU
		{913B13B5-7B2C-4DDA-BECB-DADC827ED895}.Ad-Hoc|iPhone.Build.0 = Release|Any CPU
		{913B13B5-7B2C-4DDA-BECB-DADC827ED895}.Ad-Hoc|iPhoneSimulator.ActiveCfg = Release|Any CPU
		{913B13B5-7B2C-4DDA-BECB-DADC827ED895}.Ad-Hoc|iPhoneSimulator.Build.0 = Release|Any CPU
		{913B13B5-7B2C-4DDA-BECB-DADC827ED895}.AppStore|Any CPU.ActiveCfg = Release|Any CPU
		{913B13B5-7B2C-4DDA-BECB-DADC827ED895}.AppStore|Any CPU.Build.0 = Release|Any CPU
		{913B13B5-7B2C-4DDA-BECB-DADC827ED895}.AppStore|iPhone.ActiveCfg = Release|Any CPU
		{913B13B5-7B2C-4DDA-BECB-DADC827ED895}.AppStore|iPhone.Build.0 = Release|Any CPU
		{913B13B5-7B2C-4DDA-BECB-DADC827ED895}.AppStore|iPhoneSimulator.ActiveCfg = Release|Any CPU
		{913B13B5-7B2C-4DDA-BECB-DADC827ED895}.AppStore|iPhoneSimulator.Build.0 = Release|Any CPU
		{913B13B5-7B2C-4DDA-BECB-DADC827ED895}.Debug|Any CPU.ActiveCfg = Debug|Any CPU
		{913B13B5-7B2C-4DDA-BECB-DADC827ED895}.Debug|Any CPU.Build.0 = Debug|Any CPU
		{913B13B5-7B2C-4DDA-BECB-DADC827ED895}.Debug|iPhone.ActiveCfg = Debug|Any CPU
		{913B13B5-7B2C-4DDA-BECB-DADC827ED895}.Debug|iPhone.Build.0 = Debug|Any CPU
		{913B13B5-7B2C-4DDA-BECB-DADC827ED895}.Debug|iPhoneSimulator.ActiveCfg = Debug|Any CPU
		{913B13B5-7B2C-4DDA-BECB-DADC827ED895}.Debug|iPhoneSimulator.Build.0 = Debug|Any CPU
		{913B13B5-7B2C-4DDA-BECB-DADC827ED895}.Release|Any CPU.ActiveCfg = Release|Any CPU
		{913B13B5-7B2C-4DDA-BECB-DADC827ED895}.Release|Any CPU.Build.0 = Release|Any CPU
		{913B13B5-7B2C-4DDA-BECB-DADC827ED895}.Release|iPhone.ActiveCfg = Release|Any CPU
		{913B13B5-7B2C-4DDA-BECB-DADC827ED895}.Release|iPhone.Build.0 = Release|Any CPU
		{913B13B5-7B2C-4DDA-BECB-DADC827ED895}.Release|iPhoneSimulator.ActiveCfg = Release|Any CPU
		{913B13B5-7B2C-4DDA-BECB-DADC827ED895}.Release|iPhoneSimulator.Build.0 = Release|Any CPU
		{64DCD397-9019-41E8-A928-E5F5C5DF185B}.Ad-Hoc|Any CPU.ActiveCfg = Release|Any CPU
		{64DCD397-9019-41E8-A928-E5F5C5DF185B}.Ad-Hoc|Any CPU.Build.0 = Release|Any CPU
		{64DCD397-9019-41E8-A928-E5F5C5DF185B}.Ad-Hoc|iPhone.ActiveCfg = Release|Any CPU
		{64DCD397-9019-41E8-A928-E5F5C5DF185B}.Ad-Hoc|iPhone.Build.0 = Release|Any CPU
		{64DCD397-9019-41E8-A928-E5F5C5DF185B}.Ad-Hoc|iPhoneSimulator.ActiveCfg = Release|Any CPU
		{64DCD397-9019-41E8-A928-E5F5C5DF185B}.Ad-Hoc|iPhoneSimulator.Build.0 = Release|Any CPU
		{64DCD397-9019-41E8-A928-E5F5C5DF185B}.AppStore|Any CPU.ActiveCfg = Release|Any CPU
		{64DCD397-9019-41E8-A928-E5F5C5DF185B}.AppStore|Any CPU.Build.0 = Release|Any CPU
		{64DCD397-9019-41E8-A928-E5F5C5DF185B}.AppStore|iPhone.ActiveCfg = Release|Any CPU
		{64DCD397-9019-41E8-A928-E5F5C5DF185B}.AppStore|iPhone.Build.0 = Release|Any CPU
		{64DCD397-9019-41E8-A928-E5F5C5DF185B}.AppStore|iPhoneSimulator.ActiveCfg = Release|Any CPU
		{64DCD397-9019-41E8-A928-E5F5C5DF185B}.AppStore|iPhoneSimulator.Build.0 = Release|Any CPU
		{64DCD397-9019-41E8-A928-E5F5C5DF185B}.Debug|Any CPU.ActiveCfg = Debug|Any CPU
		{64DCD397-9019-41E8-A928-E5F5C5DF185B}.Debug|Any CPU.Build.0 = Debug|Any CPU
		{64DCD397-9019-41E8-A928-E5F5C5DF185B}.Debug|iPhone.ActiveCfg = Debug|Any CPU
		{64DCD397-9019-41E8-A928-E5F5C5DF185B}.Debug|iPhone.Build.0 = Debug|Any CPU
		{64DCD397-9019-41E8-A928-E5F5C5DF185B}.Debug|iPhoneSimulator.ActiveCfg = Debug|Any CPU
		{64DCD397-9019-41E8-A928-E5F5C5DF185B}.Debug|iPhoneSimulator.Build.0 = Debug|Any CPU
		{64DCD397-9019-41E8-A928-E5F5C5DF185B}.Release|Any CPU.ActiveCfg = Release|Any CPU
		{64DCD397-9019-41E8-A928-E5F5C5DF185B}.Release|Any CPU.Build.0 = Release|Any CPU
		{64DCD397-9019-41E8-A928-E5F5C5DF185B}.Release|iPhone.ActiveCfg = Release|Any CPU
		{64DCD397-9019-41E8-A928-E5F5C5DF185B}.Release|iPhone.Build.0 = Release|Any CPU
		{64DCD397-9019-41E8-A928-E5F5C5DF185B}.Release|iPhoneSimulator.ActiveCfg = Release|Any CPU
		{64DCD397-9019-41E8-A928-E5F5C5DF185B}.Release|iPhoneSimulator.Build.0 = Release|Any CPU
		{FDCC3CF2-9905-40AA-9E43-3AB12BB355ED}.Ad-Hoc|Any CPU.ActiveCfg = Release|Any CPU
		{FDCC3CF2-9905-40AA-9E43-3AB12BB355ED}.Ad-Hoc|Any CPU.Build.0 = Release|Any CPU
		{FDCC3CF2-9905-40AA-9E43-3AB12BB355ED}.Ad-Hoc|Any CPU.Deploy.0 = Release|Any CPU
		{FDCC3CF2-9905-40AA-9E43-3AB12BB355ED}.Ad-Hoc|iPhone.ActiveCfg = Release|Any CPU
		{FDCC3CF2-9905-40AA-9E43-3AB12BB355ED}.Ad-Hoc|iPhone.Build.0 = Release|Any CPU
		{FDCC3CF2-9905-40AA-9E43-3AB12BB355ED}.Ad-Hoc|iPhone.Deploy.0 = Release|Any CPU
		{FDCC3CF2-9905-40AA-9E43-3AB12BB355ED}.Ad-Hoc|iPhoneSimulator.ActiveCfg = Release|Any CPU
		{FDCC3CF2-9905-40AA-9E43-3AB12BB355ED}.Ad-Hoc|iPhoneSimulator.Build.0 = Release|Any CPU
		{FDCC3CF2-9905-40AA-9E43-3AB12BB355ED}.Ad-Hoc|iPhoneSimulator.Deploy.0 = Release|Any CPU
		{FDCC3CF2-9905-40AA-9E43-3AB12BB355ED}.AppStore|Any CPU.ActiveCfg = Release|Any CPU
		{FDCC3CF2-9905-40AA-9E43-3AB12BB355ED}.AppStore|Any CPU.Build.0 = Release|Any CPU
		{FDCC3CF2-9905-40AA-9E43-3AB12BB355ED}.AppStore|Any CPU.Deploy.0 = Release|Any CPU
		{FDCC3CF2-9905-40AA-9E43-3AB12BB355ED}.AppStore|iPhone.ActiveCfg = Release|Any CPU
		{FDCC3CF2-9905-40AA-9E43-3AB12BB355ED}.AppStore|iPhone.Build.0 = Release|Any CPU
		{FDCC3CF2-9905-40AA-9E43-3AB12BB355ED}.AppStore|iPhone.Deploy.0 = Release|Any CPU
		{FDCC3CF2-9905-40AA-9E43-3AB12BB355ED}.AppStore|iPhoneSimulator.ActiveCfg = Release|Any CPU
		{FDCC3CF2-9905-40AA-9E43-3AB12BB355ED}.AppStore|iPhoneSimulator.Build.0 = Release|Any CPU
		{FDCC3CF2-9905-40AA-9E43-3AB12BB355ED}.AppStore|iPhoneSimulator.Deploy.0 = Release|Any CPU
		{FDCC3CF2-9905-40AA-9E43-3AB12BB355ED}.Debug|Any CPU.ActiveCfg = Debug|Any CPU
		{FDCC3CF2-9905-40AA-9E43-3AB12BB355ED}.Debug|Any CPU.Build.0 = Debug|Any CPU
		{FDCC3CF2-9905-40AA-9E43-3AB12BB355ED}.Debug|Any CPU.Deploy.0 = Debug|Any CPU
		{FDCC3CF2-9905-40AA-9E43-3AB12BB355ED}.Debug|iPhone.ActiveCfg = Debug|Any CPU
		{FDCC3CF2-9905-40AA-9E43-3AB12BB355ED}.Debug|iPhone.Build.0 = Debug|Any CPU
		{FDCC3CF2-9905-40AA-9E43-3AB12BB355ED}.Debug|iPhone.Deploy.0 = Debug|Any CPU
		{FDCC3CF2-9905-40AA-9E43-3AB12BB355ED}.Debug|iPhoneSimulator.ActiveCfg = Debug|Any CPU
		{FDCC3CF2-9905-40AA-9E43-3AB12BB355ED}.Debug|iPhoneSimulator.Build.0 = Debug|Any CPU
		{FDCC3CF2-9905-40AA-9E43-3AB12BB355ED}.Debug|iPhoneSimulator.Deploy.0 = Debug|Any CPU
		{FDCC3CF2-9905-40AA-9E43-3AB12BB355ED}.Release|Any CPU.ActiveCfg = Release|Any CPU
		{FDCC3CF2-9905-40AA-9E43-3AB12BB355ED}.Release|Any CPU.Build.0 = Release|Any CPU
		{FDCC3CF2-9905-40AA-9E43-3AB12BB355ED}.Release|Any CPU.Deploy.0 = Release|Any CPU
		{FDCC3CF2-9905-40AA-9E43-3AB12BB355ED}.Release|iPhone.ActiveCfg = Release|Any CPU
		{FDCC3CF2-9905-40AA-9E43-3AB12BB355ED}.Release|iPhone.Build.0 = Release|Any CPU
		{FDCC3CF2-9905-40AA-9E43-3AB12BB355ED}.Release|iPhone.Deploy.0 = Release|Any CPU
		{FDCC3CF2-9905-40AA-9E43-3AB12BB355ED}.Release|iPhoneSimulator.ActiveCfg = Release|Any CPU
		{FDCC3CF2-9905-40AA-9E43-3AB12BB355ED}.Release|iPhoneSimulator.Build.0 = Release|Any CPU
		{FDCC3CF2-9905-40AA-9E43-3AB12BB355ED}.Release|iPhoneSimulator.Deploy.0 = Release|Any CPU
		{7A6BE137-D0F1-46A1-AE5C-81FAEEDDDF02}.Ad-Hoc|Any CPU.ActiveCfg = Release|Any CPU
		{7A6BE137-D0F1-46A1-AE5C-81FAEEDDDF02}.Ad-Hoc|Any CPU.Build.0 = Release|Any CPU
		{7A6BE137-D0F1-46A1-AE5C-81FAEEDDDF02}.Ad-Hoc|iPhone.ActiveCfg = Release|Any CPU
		{7A6BE137-D0F1-46A1-AE5C-81FAEEDDDF02}.Ad-Hoc|iPhone.Build.0 = Release|Any CPU
		{7A6BE137-D0F1-46A1-AE5C-81FAEEDDDF02}.Ad-Hoc|iPhoneSimulator.ActiveCfg = Release|Any CPU
		{7A6BE137-D0F1-46A1-AE5C-81FAEEDDDF02}.Ad-Hoc|iPhoneSimulator.Build.0 = Release|Any CPU
		{7A6BE137-D0F1-46A1-AE5C-81FAEEDDDF02}.AppStore|Any CPU.ActiveCfg = Release|Any CPU
		{7A6BE137-D0F1-46A1-AE5C-81FAEEDDDF02}.AppStore|Any CPU.Build.0 = Release|Any CPU
		{7A6BE137-D0F1-46A1-AE5C-81FAEEDDDF02}.AppStore|iPhone.ActiveCfg = Release|Any CPU
		{7A6BE137-D0F1-46A1-AE5C-81FAEEDDDF02}.AppStore|iPhone.Build.0 = Release|Any CPU
		{7A6BE137-D0F1-46A1-AE5C-81FAEEDDDF02}.AppStore|iPhoneSimulator.ActiveCfg = Release|Any CPU
		{7A6BE137-D0F1-46A1-AE5C-81FAEEDDDF02}.AppStore|iPhoneSimulator.Build.0 = Release|Any CPU
		{7A6BE137-D0F1-46A1-AE5C-81FAEEDDDF02}.Debug|Any CPU.ActiveCfg = Debug|Any CPU
		{7A6BE137-D0F1-46A1-AE5C-81FAEEDDDF02}.Debug|Any CPU.Build.0 = Debug|Any CPU
		{7A6BE137-D0F1-46A1-AE5C-81FAEEDDDF02}.Debug|iPhone.ActiveCfg = Debug|Any CPU
		{7A6BE137-D0F1-46A1-AE5C-81FAEEDDDF02}.Debug|iPhone.Build.0 = Debug|Any CPU
		{7A6BE137-D0F1-46A1-AE5C-81FAEEDDDF02}.Debug|iPhoneSimulator.ActiveCfg = Debug|Any CPU
		{7A6BE137-D0F1-46A1-AE5C-81FAEEDDDF02}.Debug|iPhoneSimulator.Build.0 = Debug|Any CPU
		{7A6BE137-D0F1-46A1-AE5C-81FAEEDDDF02}.Release|Any CPU.ActiveCfg = Release|Any CPU
		{7A6BE137-D0F1-46A1-AE5C-81FAEEDDDF02}.Release|Any CPU.Build.0 = Release|Any CPU
		{7A6BE137-D0F1-46A1-AE5C-81FAEEDDDF02}.Release|iPhone.ActiveCfg = Release|Any CPU
		{7A6BE137-D0F1-46A1-AE5C-81FAEEDDDF02}.Release|iPhone.Build.0 = Release|Any CPU
		{7A6BE137-D0F1-46A1-AE5C-81FAEEDDDF02}.Release|iPhoneSimulator.ActiveCfg = Release|Any CPU
		{7A6BE137-D0F1-46A1-AE5C-81FAEEDDDF02}.Release|iPhoneSimulator.Build.0 = Release|Any CPU
		{CAF8935F-56FE-4485-9D34-4A38FE79F6C9}.Ad-Hoc|Any CPU.ActiveCfg = Release|Any CPU
		{CAF8935F-56FE-4485-9D34-4A38FE79F6C9}.Ad-Hoc|Any CPU.Build.0 = Release|Any CPU
		{CAF8935F-56FE-4485-9D34-4A38FE79F6C9}.Ad-Hoc|iPhone.ActiveCfg = Release|Any CPU
		{CAF8935F-56FE-4485-9D34-4A38FE79F6C9}.Ad-Hoc|iPhone.Build.0 = Release|Any CPU
		{CAF8935F-56FE-4485-9D34-4A38FE79F6C9}.Ad-Hoc|iPhoneSimulator.ActiveCfg = Release|Any CPU
		{CAF8935F-56FE-4485-9D34-4A38FE79F6C9}.Ad-Hoc|iPhoneSimulator.Build.0 = Release|Any CPU
		{CAF8935F-56FE-4485-9D34-4A38FE79F6C9}.AppStore|Any CPU.ActiveCfg = Release|Any CPU
		{CAF8935F-56FE-4485-9D34-4A38FE79F6C9}.AppStore|Any CPU.Build.0 = Release|Any CPU
		{CAF8935F-56FE-4485-9D34-4A38FE79F6C9}.AppStore|iPhone.ActiveCfg = Release|Any CPU
		{CAF8935F-56FE-4485-9D34-4A38FE79F6C9}.AppStore|iPhone.Build.0 = Release|Any CPU
		{CAF8935F-56FE-4485-9D34-4A38FE79F6C9}.AppStore|iPhoneSimulator.ActiveCfg = Release|Any CPU
		{CAF8935F-56FE-4485-9D34-4A38FE79F6C9}.AppStore|iPhoneSimulator.Build.0 = Release|Any CPU
		{CAF8935F-56FE-4485-9D34-4A38FE79F6C9}.Debug|Any CPU.ActiveCfg = Debug|Any CPU
		{CAF8935F-56FE-4485-9D34-4A38FE79F6C9}.Debug|Any CPU.Build.0 = Debug|Any CPU
		{CAF8935F-56FE-4485-9D34-4A38FE79F6C9}.Debug|iPhone.ActiveCfg = Debug|Any CPU
		{CAF8935F-56FE-4485-9D34-4A38FE79F6C9}.Debug|iPhone.Build.0 = Debug|Any CPU
		{CAF8935F-56FE-4485-9D34-4A38FE79F6C9}.Debug|iPhoneSimulator.ActiveCfg = Debug|Any CPU
		{CAF8935F-56FE-4485-9D34-4A38FE79F6C9}.Debug|iPhoneSimulator.Build.0 = Debug|Any CPU
		{CAF8935F-56FE-4485-9D34-4A38FE79F6C9}.Release|Any CPU.ActiveCfg = Release|Any CPU
		{CAF8935F-56FE-4485-9D34-4A38FE79F6C9}.Release|Any CPU.Build.0 = Release|Any CPU
		{CAF8935F-56FE-4485-9D34-4A38FE79F6C9}.Release|iPhone.ActiveCfg = Release|Any CPU
		{CAF8935F-56FE-4485-9D34-4A38FE79F6C9}.Release|iPhone.Build.0 = Release|Any CPU
		{CAF8935F-56FE-4485-9D34-4A38FE79F6C9}.Release|iPhoneSimulator.ActiveCfg = Release|Any CPU
		{CAF8935F-56FE-4485-9D34-4A38FE79F6C9}.Release|iPhoneSimulator.Build.0 = Release|Any CPU
		{47FD89C3-19DC-4BD2-9B6D-FB8363BE7EB9}.Ad-Hoc|Any CPU.ActiveCfg = Release|Any CPU
		{47FD89C3-19DC-4BD2-9B6D-FB8363BE7EB9}.Ad-Hoc|Any CPU.Build.0 = Release|Any CPU
		{47FD89C3-19DC-4BD2-9B6D-FB8363BE7EB9}.Ad-Hoc|iPhone.ActiveCfg = Release|Any CPU
		{47FD89C3-19DC-4BD2-9B6D-FB8363BE7EB9}.Ad-Hoc|iPhone.Build.0 = Release|Any CPU
		{47FD89C3-19DC-4BD2-9B6D-FB8363BE7EB9}.Ad-Hoc|iPhoneSimulator.ActiveCfg = Release|Any CPU
		{47FD89C3-19DC-4BD2-9B6D-FB8363BE7EB9}.Ad-Hoc|iPhoneSimulator.Build.0 = Release|Any CPU
		{47FD89C3-19DC-4BD2-9B6D-FB8363BE7EB9}.AppStore|Any CPU.ActiveCfg = Release|Any CPU
		{47FD89C3-19DC-4BD2-9B6D-FB8363BE7EB9}.AppStore|Any CPU.Build.0 = Release|Any CPU
		{47FD89C3-19DC-4BD2-9B6D-FB8363BE7EB9}.AppStore|iPhone.ActiveCfg = Release|Any CPU
		{47FD89C3-19DC-4BD2-9B6D-FB8363BE7EB9}.AppStore|iPhone.Build.0 = Release|Any CPU
		{47FD89C3-19DC-4BD2-9B6D-FB8363BE7EB9}.AppStore|iPhoneSimulator.ActiveCfg = Release|Any CPU
		{47FD89C3-19DC-4BD2-9B6D-FB8363BE7EB9}.AppStore|iPhoneSimulator.Build.0 = Release|Any CPU
		{47FD89C3-19DC-4BD2-9B6D-FB8363BE7EB9}.Debug|Any CPU.ActiveCfg = Debug|Any CPU
		{47FD89C3-19DC-4BD2-9B6D-FB8363BE7EB9}.Debug|Any CPU.Build.0 = Debug|Any CPU
		{47FD89C3-19DC-4BD2-9B6D-FB8363BE7EB9}.Debug|iPhone.ActiveCfg = Debug|Any CPU
		{47FD89C3-19DC-4BD2-9B6D-FB8363BE7EB9}.Debug|iPhone.Build.0 = Debug|Any CPU
		{47FD89C3-19DC-4BD2-9B6D-FB8363BE7EB9}.Debug|iPhoneSimulator.ActiveCfg = Debug|Any CPU
		{47FD89C3-19DC-4BD2-9B6D-FB8363BE7EB9}.Debug|iPhoneSimulator.Build.0 = Debug|Any CPU
		{47FD89C3-19DC-4BD2-9B6D-FB8363BE7EB9}.Release|Any CPU.ActiveCfg = Release|Any CPU
		{47FD89C3-19DC-4BD2-9B6D-FB8363BE7EB9}.Release|Any CPU.Build.0 = Release|Any CPU
		{47FD89C3-19DC-4BD2-9B6D-FB8363BE7EB9}.Release|iPhone.ActiveCfg = Release|Any CPU
		{47FD89C3-19DC-4BD2-9B6D-FB8363BE7EB9}.Release|iPhone.Build.0 = Release|Any CPU
		{47FD89C3-19DC-4BD2-9B6D-FB8363BE7EB9}.Release|iPhoneSimulator.ActiveCfg = Release|Any CPU
		{47FD89C3-19DC-4BD2-9B6D-FB8363BE7EB9}.Release|iPhoneSimulator.Build.0 = Release|Any CPU
	EndGlobalSection
	GlobalSection(SolutionProperties) = preSolution
		HideSolutionNode = FALSE
	EndGlobalSection
	GlobalSection(NestedProjects) = preSolution
		{B6E27475-E7D0-448C-A5CC-5097DCA1E2DD} = {6BADB337-ACAA-4300-9D61-045608D691F2}
		{CFF6F25A-3C3B-44EE-A54C-2ED4AAFF3ADB} = {6BADB337-ACAA-4300-9D61-045608D691F2}
		{BBBCD850-E7CB-4B6C-86D9-CE01F2B1C81C} = {6BADB337-ACAA-4300-9D61-045608D691F2}
		{E042EDD9-E89D-4928-BF4D-27F0FC29CEDA} = {6BADB337-ACAA-4300-9D61-045608D691F2}
		{913B13B5-7B2C-4DDA-BECB-DADC827ED895} = {6BADB337-ACAA-4300-9D61-045608D691F2}
		{64DCD397-9019-41E8-A928-E5F5C5DF185B} = {6BADB337-ACAA-4300-9D61-045608D691F2}
		{7A6BE137-D0F1-46A1-AE5C-81FAEEDDDF02} = {6BADB337-ACAA-4300-9D61-045608D691F2}
		{CAF8935F-56FE-4485-9D34-4A38FE79F6C9} = {6BADB337-ACAA-4300-9D61-045608D691F2}
		{47FD89C3-19DC-4BD2-9B6D-FB8363BE7EB9} = {6BADB337-ACAA-4300-9D61-045608D691F2}
	EndGlobalSection
EndGlobal
